
Microsoft Visual Studio Solution File, Format Version 12.00
# Visual Studio 15
VisualStudioVersion = 15.0.27703.2035
MinimumVisualStudioVersion = 10.0.40219.1
Project("{FAE04EC0-301F-11D3-BF4B-00C04F79EFBC}") = "MathTut", "MathTut\MathTut.csproj", "{1301E17C-662B-4C0C-ABBF-AE41C8A4A562}"
EndProject
Global
	GlobalSection(SolutionConfigurationPlatforms) = preSolution
		Debug|Any CPU = Debug|Any CPU
		Release|Any CPU = Release|Any CPU
	EndGlobalSection
	GlobalSection(ProjectConfigurationPlatforms) = postSolution
		{1301E17C-662B-4C0C-ABBF-AE41C8A4A562}.Debug|Any CPU.ActiveCfg = Debug|Any CPU
		{1301E17C-662B-4C0C-ABBF-AE41C8A4A562}.Debug|Any CPU.Build.0 = Debug|Any CPU
		{1301E17C-662B-4C0C-ABBF-AE41C8A4A562}.Release|Any CPU.ActiveCfg = Release|Any CPU
		{1301E17C-662B-4C0C-ABBF-AE41C8A4A562}.Release|Any CPU.Build.0 = Release|Any CPU
	EndGlobalSection
	GlobalSection(SolutionProperties) = preSolution
		HideSolutionNode = FALSE
	EndGlobalSection
	GlobalSection(ExtensibilityGlobals) = postSolution
		SolutionGuid = {5BA58E44-26CE-424A-AD79-22C48ED72174}
	EndGlobalSection
EndGlobal
